
Microsoft Visual Studio Solution File, Format Version 12.00
# Visual Studio Version 17
VisualStudioVersion = 17.14.37614.0 d17.14
MinimumVisualStudioVersion = 10.0.40219.1
Project("{2150E333-8FDC-42A3-9474-1A3956D46DE8}") = "Task0", "Task0", "{02EA681E-C7D8-13C7-8484-4AC65E1B71E8}"
EndProject
Project("{FAE04EC0-301F-11D3-BF4B-00C04F79EFBC}") = "Tyuiu.NurpeisovaAK.Sprint0.Nask0.V1", "Tyuiu.NurpeisovaAK.Sprint0.Nask0.V1\Tyuiu.NurpeisovaAK.Sprint0.Nask0.V1.csproj", "{D865D8F5-ECA2-42F6-9753-3F1867731797}"
EndProject
Global
	GlobalSection(SolutionConfigurationPlatforms) = preSolution
		Debug|Any CPU = Debug|Any CPU
		Release|Any CPU = Release|Any CPU
	EndGlobalSection
	GlobalSection(ProjectConfigurationPlatforms) = postSolution
		{D865D8F5-ECA2-42F6-9753-3F1867731797}.Debug|Any CPU.ActiveCfg = Debug|Any CPU
		{D865D8F5-ECA2-42F6-9753-3F1867731797}.Debug|Any CPU.Build.0 = Debug|Any CPU
		{D865D8F5-ECA2-42F6-9753-3F1867731797}.Release|Any CPU.ActiveCfg = Release|Any CPU
		{D865D8F5-ECA2-42F6-9753-3F1867731797}.Release|Any CPU.Build.0 = Release|Any CPU
	EndGlobalSection
	GlobalSection(SolutionProperties) = preSolution
		HideSolutionNode = FALSE
	EndGlobalSection
	GlobalSection(NestedProjects) = preSolution
		{D865D8F5-ECA2-42F6-9753-3F1867731797} = {02EA681E-C7D8-13C7-8484-4AC65E1B71E8}
	EndGlobalSection
	GlobalSection(ExtensibilityGlobals) = postSolution
		SolutionGuid = {0E6C34EA-11B1-450F-938B-BE09AFB8231A}
	EndGlobalSection
EndGlobal
