
Microsoft Visual Studio Solution File, Format Version 12.00
# Visual Studio Version 17
VisualStudioVersion = 17.14.37614.0
MinimumVisualStudioVersion = 10.0.40219.1
Project("{2150E333-8FDC-42A3-9474-1A3956D46DE8}") = "Task0", "Task0", "{02EA681E-C7D8-13C7-8484-4AC65E1B71E8}"
EndProject
Project("{FAE04EC0-301F-11D3-BF4B-00C04F79EFBC}") = "Tyuiu.NurpeisovaAK.Sprint0.Nask0.V1", "Tyuiu.NurpeisovaAK.Sprint0.Nask0.V1\Tyuiu.NurpeisovaAK.Sprint0.Nask0.V1.csproj", "{D865D8F5-ECA2-42F6-9753-3F1867731797}"
EndProject
Project("{2150E333-8FDC-42A3-9474-1A3956D46DE8}") = "Task1", "Task1", "{1E06F78D-300D-4516-88B0-5CDF078C1877}"
EndProject
Project("{FAE04EC0-301F-11D3-BF4B-00C04F79EFBC}") = "Tyuiu.NurpeisovaAK.Sprint0.Task1.V1", "Tyuiu.NurpeisovaAK.Sprint0.Task1.V1\Tyuiu.NurpeisovaAK.Sprint0.Task1.V1.csproj", "{F41B1238-A450-4B57-8330-D37991FEC46F}"
EndProject
Project("{2150E333-8FDC-42A3-9474-1A3956D46DE8}") = "Task2", "Task2", "{2D067D3F-B08E-4B6B-B83E-048F8D55365C}"
EndProject
Project("{FAE04EC0-301F-11D3-BF4B-00C04F79EFBC}") = "Tyuiu.NurpeisovaAK.Sprint0.Task2.V1", "Tyuiu.NurpeisovaAK.Sprint0.Task2.V1\Tyuiu.NurpeisovaAK.Sprint0.Task2.V1.csproj", "{BDA77E52-520F-41CF-8CA4-CC73736B2498}"
EndProject
Project("{FAE04EC0-301F-11D3-BF4B-00C04F79EFBC}") = "Tyuiu.NurpeisovaAK.Sprint0.Task2.V1.Lib", "Tyuiu.NurpeisovaAK.Sprint0.Task2.V1.Lib\Tyuiu.NurpeisovaAK.Sprint0.Task2.V1.Lib.csproj", "{FF5FCF98-C68D-46A8-BA7B-28EA4CE96298}"
EndProject
Project("{FAE04EC0-301F-11D3-BF4B-00C04F79EFBC}") = "Tyuiu.NurpeisovaAK.Sprint0.Task2.V1.Test", "Tyuiu.NurpeisovaAK.Sprint0.Task2.V1.Test\Tyuiu.NurpeisovaAK.Sprint0.Task2.V1.Test.csproj", "{6BD6347A-3BA7-4814-AE12-2BD687259A05}"
EndProject
Global
	GlobalSection(SolutionConfigurationPlatforms) = preSolution
		Debug|Any CPU = Debug|Any CPU
		Release|Any CPU = Release|Any CPU
	EndGlobalSection
	GlobalSection(ProjectConfigurationPlatforms) = postSolution
		{D865D8F5-ECA2-42F6-9753-3F1867731797}.Debug|Any CPU.ActiveCfg = Debug|Any CPU
		{D865D8F5-ECA2-42F6-9753-3F1867731797}.Debug|Any CPU.Build.0 = Debug|Any CPU
		{D865D8F5-ECA2-42F6-9753-3F1867731797}.Release|Any CPU.ActiveCfg = Release|Any CPU
		{D865D8F5-ECA2-42F6-9753-3F1867731797}.Release|Any CPU.Build.0 = Release|Any CPU
		{F41B1238-A450-4B57-8330-D37991FEC46F}.Debug|Any CPU.ActiveCfg = Debug|Any CPU
		{F41B1238-A450-4B57-8330-D37991FEC46F}.Debug|Any CPU.Build.0 = Debug|Any CPU
		{F41B1238-A450-4B57-8330-D37991FEC46F}.Release|Any CPU.ActiveCfg = Release|Any CPU
		{F41B1238-A450-4B57-8330-D37991FEC46F}.Release|Any CPU.Build.0 = Release|Any CPU
		{BDA77E52-520F-41CF-8CA4-CC73736B2498}.Debug|Any CPU.ActiveCfg = Debug|Any CPU
		{BDA77E52-520F-41CF-8CA4-CC73736B2498}.Debug|Any CPU.Build.0 = Debug|Any CPU
		{BDA77E52-520F-41CF-8CA4-CC73736B2498}.Release|Any CPU.ActiveCfg = Release|Any CPU
		{BDA77E52-520F-41CF-8CA4-CC73736B2498}.Release|Any CPU.Build.0 = Release|Any CPU
		{FF5FCF98-C68D-46A8-BA7B-28EA4CE96298}.Debug|Any CPU.ActiveCfg = Debug|Any CPU
		{FF5FCF98-C68D-46A8-BA7B-28EA4CE96298}.Debug|Any CPU.Build.0 = Debug|Any CPU
		{FF5FCF98-C68D-46A8-BA7B-28EA4CE96298}.Release|Any CPU.ActiveCfg = Release|Any CPU
		{FF5FCF98-C68D-46A8-BA7B-28EA4CE96298}.Release|Any CPU.Build.0 = Release|Any CPU
		{6BD6347A-3BA7-4814-AE12-2BD687259A05}.Debug|Any CPU.ActiveCfg = Debug|Any CPU
		{6BD6347A-3BA7-4814-AE12-2BD687259A05}.Debug|Any CPU.Build.0 = Debug|Any CPU
		{6BD6347A-3BA7-4814-AE12-2BD687259A05}.Release|Any CPU.ActiveCfg = Release|Any CPU
		{6BD6347A-3BA7-4814-AE12-2BD687259A05}.Release|Any CPU.Build.0 = Release|Any CPU
	EndGlobalSection
	GlobalSection(SolutionProperties) = preSolution
		HideSolutionNode = FALSE
	EndGlobalSection
	GlobalSection(NestedProjects) = preSolution
		{D865D8F5-ECA2-42F6-9753-3F1867731797} = {02EA681E-C7D8-13C7-8484-4AC65E1B71E8}
		{F41B1238-A450-4B57-8330-D37991FEC46F} = {1E06F78D-300D-4516-88B0-5CDF078C1877}
		{BDA77E52-520F-41CF-8CA4-CC73736B2498} = {2D067D3F-B08E-4B6B-B83E-048F8D55365C}
		{FF5FCF98-C68D-46A8-BA7B-28EA4CE96298} = {2D067D3F-B08E-4B6B-B83E-048F8D55365C}
		{6BD6347A-3BA7-4814-AE12-2BD687259A05} = {2D067D3F-B08E-4B6B-B83E-048F8D55365C}
	EndGlobalSection
	GlobalSection(ExtensibilityGlobals) = postSolution
		SolutionGuid = {0E6C34EA-11B1-450F-938B-BE09AFB8231A}
	EndGlobalSection
EndGlobal
