
Microsoft Visual Studio Solution File, Format Version 12.00
# Visual Studio Version 17
VisualStudioVersion = 17.14.37614.0
MinimumVisualStudioVersion = 10.0.40219.1
Project("{2150E333-8FDC-42A3-9474-1A3956D46DE8}") = "Task0", "Task0", "{02EA681E-C7D8-13C7-8484-4AC65E1B71E8}"
EndProject
Project("{FAE04EC0-301F-11D3-BF4B-00C04F79EFBC}") = "Tyuiu.NurpeisovaAK.Sprint0.Nask0.V1", "Tyuiu.NurpeisovaAK.Sprint0.Nask0.V1\Tyuiu.NurpeisovaAK.Sprint0.Nask0.V1.csproj", "{D865D8F5-ECA2-42F6-9753-3F1867731797}"
EndProject
Project("{2150E333-8FDC-42A3-9474-1A3956D46DE8}") = "Task1", "Task1", "{1E06F78D-300D-4516-88B0-5CDF078C1877}"
EndProject
Project("{FAE04EC0-301F-11D3-BF4B-00C04F79EFBC}") = "Tyuiu.NurpeisovaAK.Sprint0.Task1.V1", "Tyuiu.NurpeisovaAK.Sprint0.Task1.V1\Tyuiu.NurpeisovaAK.Sprint0.Task1.V1.csproj", "{F41B1238-A450-4B57-8330-D37991FEC46F}"
EndProject
Project("{2150E333-8FDC-42A3-9474-1A3956D46DE8}") = "Task2", "Task2", "{2D067D3F-B08E-4B6B-B83E-048F8D55365C}"
EndProject
Project("{FAE04EC0-301F-11D3-BF4B-00C04F79EFBC}") = "Tyuiu.NurpeisovaAK.Sprint0.Task2.V1", "Tyuiu.NurpeisovaAK.Sprint0.Task2.V1\Tyuiu.NurpeisovaAK.Sprint0.Task2.V1.csproj", "{BDA77E52-520F-41CF-8CA4-CC73736B2498}"
EndProject
Project("{FAE04EC0-301F-11D3-BF4B-00C04F79EFBC}") = "Tyuiu.NurpeisovaAK.Sprint0.Task2.V1.Lib", "Tyuiu.NurpeisovaAK.Sprint0.Task2.V1.Lib\Tyuiu.NurpeisovaAK.Sprint0.Task2.V1.Lib.csproj", "{FF5FCF98-C68D-46A8-BA7B-28EA4CE96298}"
EndProject
Project("{FAE04EC0-301F-11D3-BF4B-00C04F79EFBC}") = "Tyuiu.NurpeisovaAK.Sprint0.Task2.V1.Test", "Tyuiu.NurpeisovaAK.Sprint0.Task2.V1.Test\Tyuiu.NurpeisovaAK.Sprint0.Task2.V1.Test.csproj", "{6BD6347A-3BA7-4814-AE12-2BD687259A05}"
EndProject
Project("{2150E333-8FDC-42A3-9474-1A3956D46DE8}") = "Task3", "Task3", "{227D63B9-B277-4F85-AA2E-82D07C7FB7C8}"
EndProject
Project("{FAE04EC0-301F-11D3-BF4B-00C04F79EFBC}") = "Tyuiu.NurpeisovaAK.Sprint0.Task3.V1", "Tyuiu.NurpeisovaAK.Sprint0.Task3.V1\Tyuiu.NurpeisovaAK.Sprint0.Task3.V1.csproj", "{CB31A7C5-665C-425D-9595-9CB4DC6EC975}"
EndProject
Project("{FAE04EC0-301F-11D3-BF4B-00C04F79EFBC}") = "Tyuiu.NurpeisovaAK.Sprint0.Task3.V1.Lib", "Tyuiu.NurpeisovaAK.Sprint0.Task3.V1.Lib\Tyuiu.NurpeisovaAK.Sprint0.Task3.V1.Lib.csproj", "{573ADAB3-6C0D-4648-BCE2-E983814DDB3D}"
EndProject
Project("{FAE04EC0-301F-11D3-BF4B-00C04F79EFBC}") = "Tyuiu.NurpeisovaAK.Sprint0.Task3.V1.Test", "Tyuiu.NurpeisovaAK.Sprint0.Task3.V1.Test\Tyuiu.NurpeisovaAK.Sprint0.Task3.V1.Test.csproj", "{8161F7B4-C892-473F-B74E-9F10DE57539A}"
EndProject
Project("{2150E333-8FDC-42A3-9474-1A3956D46DE8}") = "Task4", "Task4", "{134B1308-9BE3-4CF5-B402-45353B611FE6}"
EndProject
Project("{FAE04EC0-301F-11D3-BF4B-00C04F79EFBC}") = "Tyuiu.NurpeisovaAK.Sprint0.Task4.V1", "Tyuiu.NurpeisovaAK.Sprint0.Task4.V1\Tyuiu.NurpeisovaAK.Sprint0.Task4.V1.csproj", "{3C48A61C-694A-463E-B92F-5FF35FD90FEB}"
EndProject
Project("{FAE04EC0-301F-11D3-BF4B-00C04F79EFBC}") = "Tyuiu.NurpeisovaAK.Sprint0.Task4.V1.Lib", "Tyuiu.NurpeisovaAK.Sprint0.Task4.V1.Lib\Tyuiu.NurpeisovaAK.Sprint0.Task4.V1.Lib.csproj", "{5213C225-69EF-4213-8A42-D53DCDB7B3D1}"
EndProject
Project("{FAE04EC0-301F-11D3-BF4B-00C04F79EFBC}") = "Tyuiu.NurpeisovaAK.Sprint0.Task4.V1.Test", "Tyuiu.NurpeisovaAK.Sprint0.Task4.V1.Test\Tyuiu.NurpeisovaAK.Sprint0.Task4.V1.Test.csproj", "{9AE96139-5A33-40E6-B6D2-0C472E11F020}"
EndProject
Project("{2150E333-8FDC-42A3-9474-1A3956D46DE8}") = "Task5", "Task5", "{9580B012-E901-4FE0-A0B3-65B1B6CFB62A}"
EndProject
Project("{FAE04EC0-301F-11D3-BF4B-00C04F79EFBC}") = "Tyuiu.NurpeisovaAK.Sprint0.Task5.V0", "Tyuiu,NurpeisovaAK.Sprint0.Task5.V0\Tyuiu.NurpeisovaAK.Sprint0.Task5.V0.csproj", "{CD86EBA5-F389-4784-BD13-94154990266F}"
EndProject
Project("{FAE04EC0-301F-11D3-BF4B-00C04F79EFBC}") = "Tyuiu.NurpeisovaAK.Sprint0.Task5.V0.Lib", "Tyuiu,NurpeisovaAK.Sprint0.Task5.V0.Lib\Tyuiu.NurpeisovaAK.Sprint0.Task5.V0.Lib.csproj", "{F6516C08-34F3-45E0-A2A9-6180DA5C8FBA}"
EndProject
Project("{FAE04EC0-301F-11D3-BF4B-00C04F79EFBC}") = "Tyuiu.NurpeisovaAK.Sprint0.Task5.V0.Test", "Tyuiu,NurpeisovaAK.Sprint0.Task5.V0.Test\Tyuiu.NurpeisovaAK.Sprint0.Task5.V0.Test.csproj", "{1C75D9C7-147C-43D8-BB95-E50CE6847E93}"
EndProject
Project("{2150E333-8FDC-42A3-9474-1A3956D46DE8}") = "Task6", "Task6", "{AE9F2027-79B3-4602-AA4A-A9839A738A75}"
EndProject
Project("{FAE04EC0-301F-11D3-BF4B-00C04F79EFBC}") = "Tyuiu.NurpeisovaAK.Sprint0.Task6.V1", "Tyuiu.NurpeisovaAK.Sprint0.Task6.V1\Tyuiu.NurpeisovaAK.Sprint0.Task6.V1.csproj", "{4337E889-BEEC-4C9F-9BCE-02CD9D2A7F61}"
EndProject
Project("{FAE04EC0-301F-11D3-BF4B-00C04F79EFBC}") = "Tyuiu.NurpeisovaAK.Sprint0.Task6.V1.Lib", "Tyuiu.NurpeisovaAK.Sprint0.Task6.V1.Lib\Tyuiu.NurpeisovaAK.Sprint0.Task6.V1.Lib.csproj", "{BD40D3D5-ADC6-4A88-8786-A859C0A2DE65}"
EndProject
Project("{FAE04EC0-301F-11D3-BF4B-00C04F79EFBC}") = "Tyuiu.NurpeisovaAK.Sprint0.Task6.V1.Test", "Tyuiu.NurpeisovaAK.Sprint0.Task6.V1.Test\Tyuiu.NurpeisovaAK.Sprint0.Task6.V1.Test.csproj", "{54BEDE59-D6C6-4ABD-924C-58877145A41A}"
EndProject
Global
	GlobalSection(SolutionConfigurationPlatforms) = preSolution
		Debug|Any CPU = Debug|Any CPU
		Release|Any CPU = Release|Any CPU
	EndGlobalSection
	GlobalSection(ProjectConfigurationPlatforms) = postSolution
		{D865D8F5-ECA2-42F6-9753-3F1867731797}.Debug|Any CPU.ActiveCfg = Debug|Any CPU
		{D865D8F5-ECA2-42F6-9753-3F1867731797}.Debug|Any CPU.Build.0 = Debug|Any CPU
		{D865D8F5-ECA2-42F6-9753-3F1867731797}.Release|Any CPU.ActiveCfg = Release|Any CPU
		{D865D8F5-ECA2-42F6-9753-3F1867731797}.Release|Any CPU.Build.0 = Release|Any CPU
		{F41B1238-A450-4B57-8330-D37991FEC46F}.Debug|Any CPU.ActiveCfg = Debug|Any CPU
		{F41B1238-A450-4B57-8330-D37991FEC46F}.Debug|Any CPU.Build.0 = Debug|Any CPU
		{F41B1238-A450-4B57-8330-D37991FEC46F}.Release|Any CPU.ActiveCfg = Release|Any CPU
		{F41B1238-A450-4B57-8330-D37991FEC46F}.Release|Any CPU.Build.0 = Release|Any CPU
		{BDA77E52-520F-41CF-8CA4-CC73736B2498}.Debug|Any CPU.ActiveCfg = Debug|Any CPU
		{BDA77E52-520F-41CF-8CA4-CC73736B2498}.Debug|Any CPU.Build.0 = Debug|Any CPU
		{BDA77E52-520F-41CF-8CA4-CC73736B2498}.Release|Any CPU.ActiveCfg = Release|Any CPU
		{BDA77E52-520F-41CF-8CA4-CC73736B2498}.Release|Any CPU.Build.0 = Release|Any CPU
		{FF5FCF98-C68D-46A8-BA7B-28EA4CE96298}.Debug|Any CPU.ActiveCfg = Debug|Any CPU
		{FF5FCF98-C68D-46A8-BA7B-28EA4CE96298}.Debug|Any CPU.Build.0 = Debug|Any CPU
		{FF5FCF98-C68D-46A8-BA7B-28EA4CE96298}.Release|Any CPU.ActiveCfg = Release|Any CPU
		{FF5FCF98-C68D-46A8-BA7B-28EA4CE96298}.Release|Any CPU.Build.0 = Release|Any CPU
		{6BD6347A-3BA7-4814-AE12-2BD687259A05}.Debug|Any CPU.ActiveCfg = Debug|Any CPU
		{6BD6347A-3BA7-4814-AE12-2BD687259A05}.Debug|Any CPU.Build.0 = Debug|Any CPU
		{6BD6347A-3BA7-4814-AE12-2BD687259A05}.Release|Any CPU.ActiveCfg = Release|Any CPU
		{6BD6347A-3BA7-4814-AE12-2BD687259A05}.Release|Any CPU.Build.0 = Release|Any CPU
		{CB31A7C5-665C-425D-9595-9CB4DC6EC975}.Debug|Any CPU.ActiveCfg = Debug|Any CPU
		{CB31A7C5-665C-425D-9595-9CB4DC6EC975}.Debug|Any CPU.Build.0 = Debug|Any CPU
		{CB31A7C5-665C-425D-9595-9CB4DC6EC975}.Release|Any CPU.ActiveCfg = Release|Any CPU
		{CB31A7C5-665C-425D-9595-9CB4DC6EC975}.Release|Any CPU.Build.0 = Release|Any CPU
		{573ADAB3-6C0D-4648-BCE2-E983814DDB3D}.Debug|Any CPU.ActiveCfg = Debug|Any CPU
		{573ADAB3-6C0D-4648-BCE2-E983814DDB3D}.Debug|Any CPU.Build.0 = Debug|Any CPU
		{573ADAB3-6C0D-4648-BCE2-E983814DDB3D}.Release|Any CPU.ActiveCfg = Release|Any CPU
		{573ADAB3-6C0D-4648-BCE2-E983814DDB3D}.Release|Any CPU.Build.0 = Release|Any CPU
		{8161F7B4-C892-473F-B74E-9F10DE57539A}.Debug|Any CPU.ActiveCfg = Debug|Any CPU
		{8161F7B4-C892-473F-B74E-9F10DE57539A}.Debug|Any CPU.Build.0 = Debug|Any CPU
		{8161F7B4-C892-473F-B74E-9F10DE57539A}.Release|Any CPU.ActiveCfg = Release|Any CPU
		{8161F7B4-C892-473F-B74E-9F10DE57539A}.Release|Any CPU.Build.0 = Release|Any CPU
		{3C48A61C-694A-463E-B92F-5FF35FD90FEB}.Debug|Any CPU.ActiveCfg = Debug|Any CPU
		{3C48A61C-694A-463E-B92F-5FF35FD90FEB}.Debug|Any CPU.Build.0 = Debug|Any CPU
		{3C48A61C-694A-463E-B92F-5FF35FD90FEB}.Release|Any CPU.ActiveCfg = Release|Any CPU
		{3C48A61C-694A-463E-B92F-5FF35FD90FEB}.Release|Any CPU.Build.0 = Release|Any CPU
		{5213C225-69EF-4213-8A42-D53DCDB7B3D1}.Debug|Any CPU.ActiveCfg = Debug|Any CPU
		{5213C225-69EF-4213-8A42-D53DCDB7B3D1}.Debug|Any CPU.Build.0 = Debug|Any CPU
		{5213C225-69EF-4213-8A42-D53DCDB7B3D1}.Release|Any CPU.ActiveCfg = Release|Any CPU
		{5213C225-69EF-4213-8A42-D53DCDB7B3D1}.Release|Any CPU.Build.0 = Release|Any CPU
		{9AE96139-5A33-40E6-B6D2-0C472E11F020}.Debug|Any CPU.ActiveCfg = Debug|Any CPU
		{9AE96139-5A33-40E6-B6D2-0C472E11F020}.Debug|Any CPU.Build.0 = Debug|Any CPU
		{9AE96139-5A33-40E6-B6D2-0C472E11F020}.Release|Any CPU.ActiveCfg = Release|Any CPU
		{9AE96139-5A33-40E6-B6D2-0C472E11F020}.Release|Any CPU.Build.0 = Release|Any CPU
		{CD86EBA5-F389-4784-BD13-94154990266F}.Debug|Any CPU.ActiveCfg = Debug|Any CPU
		{CD86EBA5-F389-4784-BD13-94154990266F}.Debug|Any CPU.Build.0 = Debug|Any CPU
		{CD86EBA5-F389-4784-BD13-94154990266F}.Release|Any CPU.ActiveCfg = Release|Any CPU
		{CD86EBA5-F389-4784-BD13-94154990266F}.Release|Any CPU.Build.0 = Release|Any CPU
		{F6516C08-34F3-45E0-A2A9-6180DA5C8FBA}.Debug|Any CPU.ActiveCfg = Debug|Any CPU
		{F6516C08-34F3-45E0-A2A9-6180DA5C8FBA}.Debug|Any CPU.Build.0 = Debug|Any CPU
		{F6516C08-34F3-45E0-A2A9-6180DA5C8FBA}.Release|Any CPU.ActiveCfg = Release|Any CPU
		{F6516C08-34F3-45E0-A2A9-6180DA5C8FBA}.Release|Any CPU.Build.0 = Release|Any CPU
		{1C75D9C7-147C-43D8-BB95-E50CE6847E93}.Debug|Any CPU.ActiveCfg = Debug|Any CPU
		{1C75D9C7-147C-43D8-BB95-E50CE6847E93}.Debug|Any CPU.Build.0 = Debug|Any CPU
		{1C75D9C7-147C-43D8-BB95-E50CE6847E93}.Release|Any CPU.ActiveCfg = Release|Any CPU
		{1C75D9C7-147C-43D8-BB95-E50CE6847E93}.Release|Any CPU.Build.0 = Release|Any CPU
		{4337E889-BEEC-4C9F-9BCE-02CD9D2A7F61}.Debug|Any CPU.ActiveCfg = Debug|Any CPU
		{4337E889-BEEC-4C9F-9BCE-02CD9D2A7F61}.Debug|Any CPU.Build.0 = Debug|Any CPU
		{4337E889-BEEC-4C9F-9BCE-02CD9D2A7F61}.Release|Any CPU.ActiveCfg = Release|Any CPU
		{4337E889-BEEC-4C9F-9BCE-02CD9D2A7F61}.Release|Any CPU.Build.0 = Release|Any CPU
		{BD40D3D5-ADC6-4A88-8786-A859C0A2DE65}.Debug|Any CPU.ActiveCfg = Debug|Any CPU
		{BD40D3D5-ADC6-4A88-8786-A859C0A2DE65}.Debug|Any CPU.Build.0 = Debug|Any CPU
		{BD40D3D5-ADC6-4A88-8786-A859C0A2DE65}.Release|Any CPU.ActiveCfg = Release|Any CPU
		{BD40D3D5-ADC6-4A88-8786-A859C0A2DE65}.Release|Any CPU.Build.0 = Release|Any CPU
		{54BEDE59-D6C6-4ABD-924C-58877145A41A}.Debug|Any CPU.ActiveCfg = Debug|Any CPU
		{54BEDE59-D6C6-4ABD-924C-58877145A41A}.Debug|Any CPU.Build.0 = Debug|Any CPU
		{54BEDE59-D6C6-4ABD-924C-58877145A41A}.Release|Any CPU.ActiveCfg = Release|Any CPU
		{54BEDE59-D6C6-4ABD-924C-58877145A41A}.Release|Any CPU.Build.0 = Release|Any CPU
	EndGlobalSection
	GlobalSection(SolutionProperties) = preSolution
		HideSolutionNode = FALSE
	EndGlobalSection
	GlobalSection(NestedProjects) = preSolution
		{D865D8F5-ECA2-42F6-9753-3F1867731797} = {02EA681E-C7D8-13C7-8484-4AC65E1B71E8}
		{F41B1238-A450-4B57-8330-D37991FEC46F} = {1E06F78D-300D-4516-88B0-5CDF078C1877}
		{BDA77E52-520F-41CF-8CA4-CC73736B2498} = {2D067D3F-B08E-4B6B-B83E-048F8D55365C}
		{FF5FCF98-C68D-46A8-BA7B-28EA4CE96298} = {2D067D3F-B08E-4B6B-B83E-048F8D55365C}
		{6BD6347A-3BA7-4814-AE12-2BD687259A05} = {2D067D3F-B08E-4B6B-B83E-048F8D55365C}
		{CB31A7C5-665C-425D-9595-9CB4DC6EC975} = {227D63B9-B277-4F85-AA2E-82D07C7FB7C8}
		{573ADAB3-6C0D-4648-BCE2-E983814DDB3D} = {227D63B9-B277-4F85-AA2E-82D07C7FB7C8}
		{8161F7B4-C892-473F-B74E-9F10DE57539A} = {227D63B9-B277-4F85-AA2E-82D07C7FB7C8}
		{3C48A61C-694A-463E-B92F-5FF35FD90FEB} = {134B1308-9BE3-4CF5-B402-45353B611FE6}
		{5213C225-69EF-4213-8A42-D53DCDB7B3D1} = {134B1308-9BE3-4CF5-B402-45353B611FE6}
		{9AE96139-5A33-40E6-B6D2-0C472E11F020} = {134B1308-9BE3-4CF5-B402-45353B611FE6}
		{CD86EBA5-F389-4784-BD13-94154990266F} = {9580B012-E901-4FE0-A0B3-65B1B6CFB62A}
		{F6516C08-34F3-45E0-A2A9-6180DA5C8FBA} = {9580B012-E901-4FE0-A0B3-65B1B6CFB62A}
		{1C75D9C7-147C-43D8-BB95-E50CE6847E93} = {9580B012-E901-4FE0-A0B3-65B1B6CFB62A}
		{4337E889-BEEC-4C9F-9BCE-02CD9D2A7F61} = {AE9F2027-79B3-4602-AA4A-A9839A738A75}
		{BD40D3D5-ADC6-4A88-8786-A859C0A2DE65} = {AE9F2027-79B3-4602-AA4A-A9839A738A75}
		{54BEDE59-D6C6-4ABD-924C-58877145A41A} = {AE9F2027-79B3-4602-AA4A-A9839A738A75}
	EndGlobalSection
	GlobalSection(ExtensibilityGlobals) = postSolution
		SolutionGuid = {0E6C34EA-11B1-450F-938B-BE09AFB8231A}
	EndGlobalSection
EndGlobal
